{
  "object": {
    "pins": [
      {
        "package": "Prelude",
        "repositoryURL": "https://github.com/pointfreeco/swift-prelude.git",
        "state": {
          "branch": null,
          "revision": "9240a1f951c382e1c7387762c6cd94042baba531",
          "version": null
        }
      }
    ]
  },
  "version": 1
}
